// !$*UTF8*$!
{
	archiveVersion = 1;
	classes = {
	};
	objectVersion = 50;
	objects = {

/* Begin PBXBuildFile section */
		7192637A225F32EB0088B2BB /* AppDelegate.swift in Sources */ = {isa = PBXBuildFile; fileRef = 71926379225F32EB0088B2BB /* AppDelegate.swift */; };
		7192637C225F32EB0088B2BB /* ViewController.swift in Sources */ = {isa = PBXBuildFile; fileRef = 7192637B225F32EB0088B2BB /* ViewController.swift */; };
		7192637F225F32EB0088B2BB /* Main.storyboard in Resources */ = {isa = PBXBuildFile; fileRef = 7192637D225F32EB0088B2BB /* Main.storyboard */; };
		71926381225F32ED0088B2BB /* Assets.xcassets in Resources */ = {isa = PBXBuildFile; fileRef = 71926380225F32ED0088B2BB /* Assets.xcassets */; };
		7192638F225F32ED0088B2BB /* WebViewTestTests.swift in Sources */ = {isa = PBXBuildFile; fileRef = 7192638E225F32ED0088B2BB /* WebViewTestTests.swift */; };
		7192639A225F32ED0088B2BB /* WebViewTestUITests.swift in Sources */ = {isa = PBXBuildFile; fileRef = 71926399225F32ED0088B2BB /* WebViewTestUITests.swift */; };
		719263A7225F35040088B2BB /* LaunchScreen.storyboard in Resources */ = {isa = PBXBuildFile; fileRef = 71926382225F32ED0088B2BB /* LaunchScreen.storyboard */; };
		719263AB225F4D9A0088B2BB /* WebViewController.swift in Sources */ = {isa = PBXBuildFile; fileRef = 719263AA225F4D9A0088B2BB /* WebViewController.swift */; };
/* End PBXBuildFile section */

/* Begin PBXContainerItemProxy section */
		7192638B225F32ED0088B2BB /* PBXContainerItemProxy */ = {
			isa = PBXContainerItemProxy;
			containerPortal = 7192636E225F32EB0088B2BB /* Project object */;
			proxyType = 1;
			remoteGlobalIDString = 71926375225F32EB0088B2BB;
			remoteInfo = WebViewTest;
		};
		71926396225F32ED0088B2BB /* PBXContainerItemProxy */ = {
			isa = PBXContainerItemProxy;
			containerPortal = 7192636E225F32EB0088B2BB /* Project object */;
			proxyType = 1;
			remoteGlobalIDString = 71926375225F32EB0088B2BB;
			remoteInfo = WebViewTest;
		};
/* End PBXContainerItemProxy section */

/* Begin PBXFileReference section */
		71926376225F32EB0088B2BB /* WebViewTest.app */ = {isa = PBXFileReference; explicitFileType = wrapper.application; includeInIndex = 0; path = WebViewTest.app; sourceTree = BUILT_PRODUCTS_DIR; };
		71926379225F32EB0088B2BB /* AppDelegate.swift */ = {isa = PBXFileReference; lastKnownFileType = sourcecode.swift; path = AppDelegate.swift; sourceTree = "<group>"; };
		7192637B225F32EB0088B2BB /* ViewController.swift */ = {isa = PBXFileReference; lastKnownFileType = sourcecode.swift; path = ViewController.swift; sourceTree = "<group>"; };
		7192637E225F32EB0088B2BB /* Base */ = {isa = PBXFileReference; lastKnownFileType = file.storyboard; name = Base; path = Base.lproj/Main.storyboard; sourceTree = "<group>"; };
		71926380225F32ED0088B2BB /* Assets.xcassets */ = {isa = PBXFileReference; lastKnownFileType = folder.assetcatalog; path = Assets.xcassets; sourceTree = "<group>"; };
		71926383225F32ED0088B2BB /* Base */ = {isa = PBXFileReference; lastKnownFileType = file.storyboard; name = Base; path = Base.lproj/LaunchScreen.storyboard; sourceTree = "<group>"; };
		71926385225F32ED0088B2BB /* Info.plist */ = {isa = PBXFileReference; lastKnownFileType = text.plist.xml; path = Info.plist; sourceTree = "<group>"; };
		7192638A225F32ED0088B2BB /* WebViewTestTests.xctest */ = {isa = PBXFileReference; explicitFileType = wrapper.cfbundle; includeInIndex = 0; path = WebViewTestTests.xctest; sourceTree = BUILT_PRODUCTS_DIR; };
		7192638E225F32ED0088B2BB /* WebViewTestTests.swift */ = {isa = PBXFileReference; lastKnownFileType = sourcecode.swift; path = WebViewTestTests.swift; sourceTree = "<group>"; };
		71926390225F32ED0088B2BB /* Info.plist */ = {isa = PBXFileReference; lastKnownFileType = text.plist.xml; path = Info.plist; sourceTree = "<group>"; };
		71926395225F32ED0088B2BB /* WebViewTestUITests.xctest */ = {isa = PBXFileReference; explicitFileType = wrapper.cfbundle; includeInIndex = 0; path = WebViewTestUITests.xctest; sourceTree = BUILT_PRODUCTS_DIR; };
		71926399225F32ED0088B2BB /* WebViewTestUITests.swift */ = {isa = PBXFileReference; lastKnownFileType = sourcecode.swift; path = WebViewTestUITests.swift; sourceTree = "<group>"; };
		7192639B225F32ED0088B2BB /* Info.plist */ = {isa = PBXFileReference; lastKnownFileType = text.plist.xml; path = Info.plist; sourceTree = "<group>"; };
		719263AA225F4D9A0088B2BB /* WebViewController.swift */ = {isa = PBXFileReference; lastKnownFileType = sourcecode.swift; path = WebViewController.swift; sourceTree = "<group>"; };
/* End PBXFileReference section */

/* Begin PBXFrameworksBuildPhase section */
		71926373225F32EB0088B2BB /* Frameworks */ = {
			isa = PBXFrameworksBuildPhase;
			buildActionMask = 2147483647;
			files = (
			);
			runOnlyForDeploymentPostprocessing = 0;
		};
		71926387225F32ED0088B2BB /* Frameworks */ = {
			isa = PBXFrameworksBuildPhase;
			buildActionMask = 2147483647;
			files = (
			);
			runOnlyForDeploymentPostprocessing = 0;
		};
		71926392225F32ED0088B2BB /* Frameworks */ = {
			isa = PBXFrameworksBuildPhase;
			buildActionMask = 2147483647;
			files = (
			);
			runOnlyForDeploymentPostprocessing = 0;
		};
/* End PBXFrameworksBuildPhase section */

/* Begin PBXGroup section */
		7192636D225F32EB0088B2BB = {
			isa = PBXGroup;
			children = (
				71926378225F32EB0088B2BB /* WebViewTest */,
				7192638D225F32ED0088B2BB /* WebViewTestTests */,
				71926398225F32ED0088B2BB /* WebViewTestUITests */,
				71926377225F32EB0088B2BB /* Products */,
			);
			sourceTree = "<group>";
		};
		71926377225F32EB0088B2BB /* Products */ = {
			isa = PBXGroup;
			children = (
				71926376225F32EB0088B2BB /* WebViewTest.app */,
				7192638A225F32ED0088B2BB /* WebViewTestTests.xctest */,
				71926395225F32ED0088B2BB /* WebViewTestUITests.xctest */,
			);
			name = Products;
			sourceTree = "<group>";
		};
		71926378225F32EB0088B2BB /* WebViewTest */ = {
			isa = PBXGroup;
			children = (
				71926379225F32EB0088B2BB /* AppDelegate.swift */,
				7192637B225F32EB0088B2BB /* ViewController.swift */,
				7192637D225F32EB0088B2BB /* Main.storyboard */,
				71926380225F32ED0088B2BB /* Assets.xcassets */,
				71926382225F32ED0088B2BB /* LaunchScreen.storyboard */,
				71926385225F32ED0088B2BB /* Info.plist */,
				719263AA225F4D9A0088B2BB /* WebViewController.swift */,
			);
			path = WebViewTest;
			sourceTree = "<group>";
		};
		7192638D225F32ED0088B2BB /* WebViewTestTests */ = {
			isa = PBXGroup;
			children = (
				7192638E225F32ED0088B2BB /* WebViewTestTests.swift */,
				71926390225F32ED0088B2BB /* Info.plist */,
			);
			path = WebViewTestTests;
			sourceTree = "<group>";
		};
		71926398225F32ED0088B2BB /* WebViewTestUITests */ = {
			isa = PBXGroup;
			children = (
				71926399225F32ED0088B2BB /* WebViewTestUITests.swift */,
				7192639B225F32ED0088B2BB /* Info.plist */,
			);
			path = WebViewTestUITests;
			sourceTree = "<group>";
		};
/* End PBXGroup section */

/* Begin PBXNativeTarget section */
		71926375225F32EB0088B2BB /* WebViewTest */ = {
			isa = PBXNativeTarget;
			buildConfigurationList = 7192639E225F32ED0088B2BB /* Build configuration list for PBXNativeTarget "WebViewTest" */;
			buildPhases = (
				71926372225F32EB0088B2BB /* Sources */,
				71926373225F32EB0088B2BB /* Frameworks */,
				71926374225F32EB0088B2BB /* Resources */,
			);
			buildRules = (
			);
			dependencies = (
			);
			name = WebViewTest;
			productName = WebViewTest;
			productReference = 71926376225F32EB0088B2BB /* WebViewTest.app */;
			productType = "com.apple.product-type.application";
		};
		71926389225F32ED0088B2BB /* WebViewTestTests */ = {
			isa = PBXNativeTarget;
			buildConfigurationList = 719263A1225F32ED0088B2BB /* Build configuration list for PBXNativeTarget "WebViewTestTests" */;
			buildPhases = (
				71926386225F32ED0088B2BB /* Sources */,
				71926387225F32ED0088B2BB /* Frameworks */,
				71926388225F32ED0088B2BB /* Resources */,
			);
			buildRules = (
			);
			dependencies = (
				7192638C225F32ED0088B2BB /* PBXTargetDependency */,
			);
			name = WebViewTestTests;
			productName = WebViewTestTests;
			productReference = 7192638A225F32ED0088B2BB /* WebViewTestTests.xctest */;
			productType = "com.apple.product-type.bundle.unit-test";
		};
		71926394225F32ED0088B2BB /* WebViewTestUITests */ = {
			isa = PBXNativeTarget;
			buildConfigurationList = 719263A4225F32ED0088B2BB /* Build configuration list for PBXNativeTarget "WebViewTestUITests" */;
			buildPhases = (
				71926391225F32ED0088B2BB /* Sources */,
				71926392225F32ED0088B2BB /* Frameworks */,
				71926393225F32ED0088B2BB /* Resources */,
			);
			buildRules = (
			);
			dependencies = (
				71926397225F32ED0088B2BB /* PBXTargetDependency */,
			);
			name = WebViewTestUITests;
			productName = WebViewTestUITests;
			productReference = 71926395225F32ED0088B2BB /* WebViewTestUITests.xctest */;
			productType = "com.apple.product-type.bundle.ui-testing";
		};
/* End PBXNativeTarget section */

/* Begin PBXProject section */
		7192636E225F32EB0088B2BB /* Project object */ = {
			isa = PBXProject;
			attributes = {
				LastSwiftUpdateCheck = 1020;
				LastUpgradeCheck = 1020;
				ORGANIZATIONNAME = "Dmitry Kuznetsov";
				TargetAttributes = {
					71926375225F32EB0088B2BB = {
						CreatedOnToolsVersion = 10.2;
					};
					71926389225F32ED0088B2BB = {
						CreatedOnToolsVersion = 10.2;
						TestTargetID = 71926375225F32EB0088B2BB;
					};
					71926394225F32ED0088B2BB = {
						CreatedOnToolsVersion = 10.2;
						TestTargetID = 71926375225F32EB0088B2BB;
					};
				};
			};
			buildConfigurationList = 71926371225F32EB0088B2BB /* Build configuration list for PBXProject "WebViewTest" */;
			compatibilityVersion = "Xcode 9.3";
			developmentRegion = en;
			hasScannedForEncodings = 0;
			knownRegions = (
				en,
				Base,
			);
			mainGroup = 7192636D225F32EB0088B2BB;
			productRefGroup = 71926377225F32EB0088B2BB /* Products */;
			projectDirPath = "";
			projectRoot = "";
			targets = (
				71926375225F32EB0088B2BB /* WebViewTest */,
				71926389225F32ED0088B2BB /* WebViewTestTests */,
				71926394225F32ED0088B2BB /* WebViewTestUITests */,
			);
		};
/* End PBXProject section */

/* Begin PBXResourcesBuildPhase section */
		71926374225F32EB0088B2BB /* Resources */ = {
			isa = PBXResourcesBuildPhase;
			buildActionMask = 2147483647;
			files = (
				719263A7225F35040088B2BB /* LaunchScreen.storyboard in Resources */,
				71926381225F32ED0088B2BB /* Assets.xcassets in Resources */,
				7192637F225F32EB0088B2BB /* Main.storyboard in Resources */,
			);
			runOnlyForDeploymentPostprocessing = 0;
		};
		71926388225F32ED0088B2BB /* Resources */ = {
			isa = PBXResourcesBuildPhase;
			buildActionMask = 2147483647;
			files = (
			);
			runOnlyForDeploymentPostprocessing = 0;
		};
		71926393225F32ED0088B2BB /* Resources */ = {
			isa = PBXResourcesBuildPhase;
			buildActionMask = 2147483647;
			files = (
			);
			runOnlyForDeploymentPostprocessing = 0;
		};
/* End PBXResourcesBuildPhase section */

/* Begin PBXSourcesBuildPhase section */
		71926372225F32EB0088B2BB /* Sources */ = {
			isa = PBXSourcesBuildPhase;
			buildActionMask = 2147483647;
			files = (
				7192637C225F32EB0088B2BB /* ViewController.swift in Sources */,
				719263AB225F4D9A0088B2BB /* WebViewController.swift in Sources */,
				7192637A225F32EB0088B2BB /* AppDelegate.swift in Sources */,
			);
			runOnlyForDeploymentPostprocessing = 0;
		};
		71926386225F32ED0088B2BB /* Sources */ = {
			isa = PBXSourcesBuildPhase;
			buildActionMask = 2147483647;
			files = (
				7192638F225F32ED0088B2BB /* WebViewTestTests.swift in Sources */,
			);
			runOnlyForDeploymentPostprocessing = 0;
		};
		71926391225F32ED0088B2BB /* Sources */ = {
			isa = PBXSourcesBuildPhase;
			buildActionMask = 2147483647;
			files = (
				7192639A225F32ED0088B2BB /* WebViewTestUITests.swift in Sources */,
			);
			runOnlyForDeploymentPostprocessing = 0;
		};
/* End PBXSourcesBuildPhase section */

/* Begin PBXTargetDependency section */
		7192638C225F32ED0088B2BB /* PBXTargetDependency */ = {
			isa = PBXTargetDependency;
			target = 71926375225F32EB0088B2BB /* WebViewTest */;
			targetProxy = 7192638B225F32ED0088B2BB /* PBXContainerItemProxy */;
		};
		71926397225F32ED0088B2BB /* PBXTargetDependency */ = {
			isa = PBXTargetDependency;
			target = 71926375225F32EB0088B2BB /* WebViewTest */;
			targetProxy = 71926396225F32ED0088B2BB /* PBXContainerItemProxy */;
		};
/* End PBXTargetDependency section */

/* Begin PBXVariantGroup section */
		7192637D225F32EB0088B2BB /* Main.storyboard */ = {
			isa = PBXVariantGroup;
			children = (
				7192637E225F32EB0088B2BB /* Base */,
			);
			name = Main.storyboard;
			sourceTree = "<group>";
		};
		71926382225F32ED0088B2BB /* LaunchScreen.storyboard */ = {
			isa = PBXVariantGroup;
			children = (
				71926383225F32ED0088B2BB /* Base */,
			);
			name = LaunchScreen.storyboard;
			sourceTree = "<group>";
		};
/* End PBXVariantGroup section */

/* Begin XCBuildConfiguration section */
		7192639C225F32ED0088B2BB /* Debug */ = {
			isa = XCBuildConfiguration;
			buildSettings = {
				ALWAYS_SEARCH_USER_PATHS = NO;
				CLANG_ANALYZER_NONNULL = YES;
				CLANG_ANALYZER_NUMBER_OBJECT_CONVERSION = YES_AGGRESSIVE;
				CLANG_CXX_LANGUAGE_STANDARD = "gnu++14";
				CLANG_CXX_LIBRARY = "libc++";
				CLANG_ENABLE_MODULES = YES;
				CLANG_ENABLE_OBJC_ARC = YES;
				CLANG_ENABLE_OBJC_WEAK = YES;
				CLANG_WARN_BLOCK_CAPTURE_AUTORELEASING = YES;
				CLANG_WARN_BOOL_CONVERSION = YES;
				CLANG_WARN_COMMA = YES;
				CLANG_WARN_CONSTANT_CONVERSION = YES;
				CLANG_WARN_DEPRECATED_OBJC_IMPLEMENTATIONS = YES;
				CLANG_WARN_DIRECT_OBJC_ISA_USAGE = YES_ERROR;
				CLANG_WARN_DOCUMENTATION_COMMENTS = YES;
				CLANG_WARN_EMPTY_BODY = YES;
				CLANG_WARN_ENUM_CONVERSION = YES;
				CLANG_WARN_INFINITE_RECURSION = YES;
				CLANG_WARN_INT_CONVERSION = YES;
				CLANG_WARN_NON_LITERAL_NULL_CONVERSION = YES;
				CLANG_WARN_OBJC_IMPLICIT_RETAIN_SELF = YES;
				CLANG_WARN_OBJC_LITERAL_CONVERSION = YES;
				CLANG_WARN_OBJC_ROOT_CLASS = YES_ERROR;
				CLANG_WARN_RANGE_LOOP_ANALYSIS = YES;
				CLANG_WARN_STRICT_PROTOTYPES = YES;
				CLANG_WARN_SUSPICIOUS_MOVE = YES;
				CLANG_WARN_UNGUARDED_AVAILABILITY = YES_AGGRESSIVE;
				CLANG_WARN_UNREACHABLE_CODE = YES;
				CLANG_WARN__DUPLICATE_METHOD_MATCH = YES;
				CODE_SIGN_IDENTITY = "iPhone Developer";
				COPY_PHASE_STRIP = NO;
				DEBUG_INFORMATION_FORMAT = dwarf;
				ENABLE_STRICT_OBJC_MSGSEND = YES;
				ENABLE_TESTABILITY = YES;
				GCC_C_LANGUAGE_STANDARD = gnu11;
				GCC_DYNAMIC_NO_PIC = NO;
				GCC_NO_COMMON_BLOCKS = YES;
				GCC_OPTIMIZATION_LEVEL = 0;
				GCC_PREPROCESSOR_DEFINITIONS = (
					"DEBUG=1",
					"$(inherited)",
				);
				GCC_WARN_64_TO_32_BIT_CONVERSION = YES;
				GCC_WARN_ABOUT_RETURN_TYPE = YES_ERROR;
				GCC_WARN_UNDECLARED_SELECTOR = YES;
				GCC_WARN_UNINITIALIZED_AUTOS = YES_AGGRESSIVE;
				GCC_WARN_UNUSED_FUNCTION = YES;
				GCC_WARN_UNUSED_VARIABLE = YES;
				IPHONEOS_DEPLOYMENT_TARGET = 12.2;
				MTL_ENABLE_DEBUG_INFO = INCLUDE_SOURCE;
				MTL_FAST_MATH = YES;
				ONLY_ACTIVE_ARCH = YES;
				SDKROOT = iphoneos;
				SWIFT_ACTIVE_COMPILATION_CONDITIONS = DEBUG;
				SWIFT_OPTIMIZATION_LEVEL = "-Onone";
			};
			name = Debug;
		};
		7192639D225F32ED0088B2BB /* Release */ = {
			isa = XCBuildConfiguration;
			buildSettings = {
				ALWAYS_SEARCH_USER_PATHS = NO;
				CLANG_ANALYZER_NONNULL = YES;
				CLANG_ANALYZER_NUMBER_OBJECT_CONVERSION = YES_AGGRESSIVE;
				CLANG_CXX_LANGUAGE_STANDARD = "gnu++14";
				CLANG_CXX_LIBRARY = "libc++";
				CLANG_ENABLE_MODULES = YES;
				CLANG_ENABLE_OBJC_ARC = YES;
				CLANG_ENABLE_OBJC_WEAK = YES;
				CLANG_WARN_BLOCK_CAPTURE_AUTORELEASING = YES;
				CLANG_WARN_BOOL_CONVERSION = YES;
				CLANG_WARN_COMMA = YES;
				CLANG_WARN_CONSTANT_CONVERSION = YES;
				CLANG_WARN_DEPRECATED_OBJC_IMPLEMENTATIONS = YES;
				CLANG_WARN_DIRECT_OBJC_ISA_USAGE = YES_ERROR;
				CLANG_WARN_DOCUMENTATION_COMMENTS = YES;
				CLANG_WARN_EMPTY_BODY = YES;
				CLANG_WARN_ENUM_CONVERSION = YES;
				CLANG_WARN_INFINITE_RECURSION = YES;
				CLANG_WARN_INT_CONVERSION = YES;
				CLANG_WARN_NON_LITERAL_NULL_CONVERSION = YES;
				CLANG_WARN_OBJC_IMPLICIT_RETAIN_SELF = YES;
				CLANG_WARN_OBJC_LITERAL_CONVERSION = YES;
				CLANG_WARN_OBJC_ROOT_CLASS = YES_ERROR;
				CLANG_WARN_RANGE_LOOP_ANALYSIS = YES;
				CLANG_WARN_STRICT_PROTOTYPES = YES;
				CLANG_WARN_SUSPICIOUS_MOVE = YES;
				CLANG_WARN_UNGUARDED_AVAILABILITY = YES_AGGRESSIVE;
				CLANG_WARN_UNREACHABLE_CODE = YES;
				CLANG_WARN__DUPLICATE_METHOD_MATCH = YES;
				CODE_SIGN_IDENTITY = "iPhone Developer";
				COPY_PHASE_STRIP = NO;
				DEBUG_INFORMATION_FORMAT = "dwarf-with-dsym";
				ENABLE_NS_ASSERTIONS = NO;
				ENABLE_STRICT_OBJC_MSGSEND = YES;
				GCC_C_LANGUAGE_STANDARD = gnu11;
				GCC_NO_COMMON_BLOCKS = YES;
				GCC_WARN_64_TO_32_BIT_CONVERSION = YES;
				GCC_WARN_ABOUT_RETURN_TYPE = YES_ERROR;
				GCC_WARN_UNDECLARED_SELECTOR = YES;
				GCC_WARN_UNINITIALIZED_AUTOS = YES_AGGRESSIVE;
				GCC_WARN_UNUSED_FUNCTION = YES;
				GCC_WARN_UNUSED_VARIABLE = YES;
				IPHONEOS_DEPLOYMENT_TARGET = 12.2;
				MTL_ENABLE_DEBUG_INFO = NO;
				MTL_FAST_MATH = YES;
				SDKROOT = iphoneos;
				SWIFT_COMPILATION_MODE = wholemodule;
				SWIFT_OPTIMIZATION_LEVEL = "-O";
				VALIDATE_PRODUCT = YES;
			};
			name = Release;
		};
		7192639F225F32ED0088B2BB /* Debug */ = {
			isa = XCBuildConfiguration;
			buildSettings = {
				ASSETCATALOG_COMPILER_APPICON_NAME = AppIcon;
				CODE_SIGN_STYLE = Automatic;
				DEVELOPMENT_TEAM = Q884NP4ANB;
				INFOPLIST_FILE = WebViewTest/Info.plist;
				LD_RUNPATH_SEARCH_PATHS = (
					"$(inherited)",
					"@executable_path/Frameworks",
				);
				PRODUCT_BUNDLE_IDENTIFIER = test.WebViewTest;
				PRODUCT_NAME = "$(TARGET_NAME)";
				SWIFT_VERSION = 5.0;
				TARGETED_DEVICE_FAMILY = "1,2";
			};
			name = Debug;
		};
		719263A0225F32ED0088B2BB /* Release */ = {
			isa = XCBuildConfiguration;
			buildSettings = {
				ASSETCATALOG_COMPILER_APPICON_NAME = AppIcon;
				CODE_SIGN_STYLE = Automatic;
				DEVELOPMENT_TEAM = Q884NP4ANB;
				INFOPLIST_FILE = WebViewTest/Info.plist;
				LD_RUNPATH_SEARCH_PATHS = (
					"$(inherited)",
					"@executable_path/Frameworks",
				);
				PRODUCT_BUNDLE_IDENTIFIER = test.WebViewTest;
				PRODUCT_NAME = "$(TARGET_NAME)";
				SWIFT_VERSION = 5.0;
				TARGETED_DEVICE_FAMILY = "1,2";
			};
			name = Release;
		};
		719263A2225F32ED0088B2BB /* Debug */ = {
			isa = XCBuildConfiguration;
			buildSettings = {
				ALWAYS_EMBED_SWIFT_STANDARD_LIBRARIES = YES;
				BUNDLE_LOADER = "$(TEST_HOST)";
				CODE_SIGN_STYLE = Automatic;
				DEVELOPMENT_TEAM = Q884NP4ANB;
				INFOPLIST_FILE = WebViewTestTests/Info.plist;
				LD_RUNPATH_SEARCH_PATHS = (
					"$(inherited)",
					"@executable_path/Frameworks",
					"@loader_path/Frameworks",
				);
				PRODUCT_BUNDLE_IDENTIFIER = test.WebViewTestTests;
				PRODUCT_NAME = "$(TARGET_NAME)";
				SWIFT_VERSION = 5.0;
				TARGETED_DEVICE_FAMILY = "1,2";
				TEST_HOST = "$(BUILT_PRODUCTS_DIR)/WebViewTest.app/WebViewTest";
			};
			name = Debug;
		};
		719263A3225F32ED0088B2BB /* Release */ = {
			isa = XCBuildConfiguration;
			buildSettings = {
				ALWAYS_EMBED_SWIFT_STANDARD_LIBRARIES = YES;
				BUNDLE_LOADER = "$(TEST_HOST)";
				CODE_SIGN_STYLE = Automatic;
				DEVELOPMENT_TEAM = Q884NP4ANB;
				INFOPLIST_FILE = WebViewTestTests/Info.plist;
				LD_RUNPATH_SEARCH_PATHS = (
					"$(inherited)",
					"@executable_path/Frameworks",
					"@loader_path/Frameworks",
				);
				PRODUCT_BUNDLE_IDENTIFIER = test.WebViewTestTests;
				PRODUCT_NAME = "$(TARGET_NAME)";
				SWIFT_VERSION = 5.0;
				TARGETED_DEVICE_FAMILY = "1,2";
				TEST_HOST = "$(BUILT_PRODUCTS_DIR)/WebViewTest.app/WebViewTest";
			};
			name = Release;
		};
		719263A5225F32ED0088B2BB /* Debug */ = {
			isa = XCBuildConfiguration;
			buildSettings = {
				ALWAYS_EMBED_SWIFT_STANDARD_LIBRARIES = YES;
				CODE_SIGN_STYLE = Automatic;
				DEVELOPMENT_TEAM = Q884NP4ANB;
				INFOPLIST_FILE = WebViewTestUITests/Info.plist;
				LD_RUNPATH_SEARCH_PATHS = (
					"$(inherited)",
					"@executable_path/Frameworks",
					"@loader_path/Frameworks",
				);
				PRODUCT_BUNDLE_IDENTIFIER = test.WebViewTestUITests;
				PRODUCT_NAME = "$(TARGET_NAME)";
				SWIFT_VERSION = 5.0;
				TARGETED_DEVICE_FAMILY = "1,2";
				TEST_TARGET_NAME = WebViewTest;
			};
			name = Debug;
		};
		719263A6225F32ED0088B2BB /* Release */ = {
			isa = XCBuildConfiguration;
			buildSettings = {
				ALWAYS_EMBED_SWIFT_STANDARD_LIBRARIES = YES;
				CODE_SIGN_STYLE = Automatic;
				DEVELOPMENT_TEAM = Q884NP4ANB;
				INFOPLIST_FILE = WebViewTestUITests/Info.plist;
				LD_RUNPATH_SEARCH_PATHS = (
					"$(inherited)",
					"@executable_path/Frameworks",
					"@loader_path/Frameworks",
				);
				PRODUCT_BUNDLE_IDENTIFIER = test.WebViewTestUITests;
				PRODUCT_NAME = "$(TARGET_NAME)";
				SWIFT_VERSION = 5.0;
				TARGETED_DEVICE_FAMILY = "1,2";
				TEST_TARGET_NAME = WebViewTest;
			};
			name = Release;
		};
/* End XCBuildConfiguration section */

/* Begin XCConfigurationList section */
		71926371225F32EB0088B2BB /* Build configuration list for PBXProject "WebViewTest" */ = {
			isa = XCConfigurationList;
			buildConfigurations = (
				7192639C225F32ED0088B2BB /* Debug */,
				7192639D225F32ED0088B2BB /* Release */,
			);
			defaultConfigurationIsVisible = 0;
			defaultConfigurationName = Release;
		};
		7192639E225F32ED0088B2BB /* Build configuration list for PBXNativeTarget "WebViewTest" */ = {
			isa = XCConfigurationList;
			buildConfigurations = (
				7192639F225F32ED0088B2BB /* Debug */,
				719263A0225F32ED0088B2BB /* Release */,
			);
			defaultConfigurationIsVisible = 0;
			defaultConfigurationName = Release;
		};
		719263A1225F32ED0088B2BB /* Build configuration list for PBXNativeTarget "WebViewTestTests" */ = {
			isa = XCConfigurationList;
			buildConfigurations = (
				719263A2225F32ED0088B2BB /* Debug */,
				719263A3225F32ED0088B2BB /* Release */,
			);
			defaultConfigurationIsVisible = 0;
			defaultConfigurationName = Release;
		};
		719263A4225F32ED0088B2BB /* Build configuration list for PBXNativeTarget "WebViewTestUITests" */ = {
			isa = XCConfigurationList;
			buildConfigurations = (
				719263A5225F32ED0088B2BB /* Debug */,
				719263A6225F32ED0088B2BB /* Release */,
			);
			defaultConfigurationIsVisible = 0;
			defaultConfigurationName = Release;
		};
/* End XCConfigurationList section */
	};
	rootObject = 7192636E225F32EB0088B2BB /* Project object */;
}
